
Microsoft Visual Studio Solution File, Format Version 12.00
# Visual Studio Version 16
VisualStudioVersion = 16.0.31424.327
MinimumVisualStudioVersion = 10.0.40219.1
Project("{FAE04EC0-301F-11D3-BF4B-00C04F79EFBC}") = "DirBackupper", "DirBackupper\DirBackupper.csproj", "{05FA2A66-ACF6-47EF-9D0E-C0EFEA2BB2A4}"
EndProject
Project("{FAE04EC0-301F-11D3-BF4B-00C04F79EFBC}") = "DirBackupperUnitTest", "DirBackupperUnitTest\DirBackupperUnitTest.csproj", "{A9E3044D-5311-4CF9-BD1C-BE7F07197353}"
EndProject
Project("{2150E333-8FDC-42A3-9474-1A3956D46DE8}") = "Solution Items", "Solution Items", "{8ED597F5-3FD0-4072-B090-06FC50286990}"
	ProjectSection(SolutionItems) = preProject
		.editorconfig = .editorconfig
	EndProjectSection
EndProject
Global
	GlobalSection(SolutionConfigurationPlatforms) = preSolution
		Debug|Any CPU = Debug|Any CPU
		Release|Any CPU = Release|Any CPU
	EndGlobalSection
	GlobalSection(ProjectConfigurationPlatforms) = postSolution
		{05FA2A66-ACF6-47EF-9D0E-C0EFEA2BB2A4}.Debug|Any CPU.ActiveCfg = Debug|Any CPU
		{05FA2A66-ACF6-47EF-9D0E-C0EFEA2BB2A4}.Debug|Any CPU.Build.0 = Debug|Any CPU
		{05FA2A66-ACF6-47EF-9D0E-C0EFEA2BB2A4}.Release|Any CPU.ActiveCfg = Release|Any CPU
		{05FA2A66-ACF6-47EF-9D0E-C0EFEA2BB2A4}.Release|Any CPU.Build.0 = Release|Any CPU
		{A9E3044D-5311-4CF9-BD1C-BE7F07197353}.Debug|Any CPU.ActiveCfg = Debug|Any CPU
		{A9E3044D-5311-4CF9-BD1C-BE7F07197353}.Debug|Any CPU.Build.0 = Debug|Any CPU
		{A9E3044D-5311-4CF9-BD1C-BE7F07197353}.Release|Any CPU.ActiveCfg = Release|Any CPU
		{A9E3044D-5311-4CF9-BD1C-BE7F07197353}.Release|Any CPU.Build.0 = Release|Any CPU
	EndGlobalSection
	GlobalSection(SolutionProperties) = preSolution
		HideSolutionNode = FALSE
	EndGlobalSection
	GlobalSection(ExtensibilityGlobals) = postSolution
		SolutionGuid = {8B422088-5A7E-4B11-A1CC-0422F2F394CA}
	EndGlobalSection
EndGlobal
